
Microsoft Visual Studio Solution File, Format Version 12.00
# Visual Studio Version 16
VisualStudioVersion = 25.0.1705.4
MinimumVisualStudioVersion = 10.0.40219.1
Project("{FAE04EC0-301F-11D3-BF4B-00C04F79EFBC}") = "Designs_Patterns", "Designs_Patterns.csproj", "{61134DA5-566E-4567-951B-81E594E7EE88}"
EndProject
Global
	GlobalSection(SolutionConfigurationPlatforms) = preSolution
		Debug|Any CPU = Debug|Any CPU
		Release|Any CPU = Release|Any CPU
	EndGlobalSection
	GlobalSection(ProjectConfigurationPlatforms) = postSolution
		{61134DA5-566E-4567-951B-81E594E7EE88}.Debug|Any CPU.ActiveCfg = Debug|Any CPU
		{61134DA5-566E-4567-951B-81E594E7EE88}.Debug|Any CPU.Build.0 = Debug|Any CPU
		{61134DA5-566E-4567-951B-81E594E7EE88}.Release|Any CPU.ActiveCfg = Release|Any CPU
		{61134DA5-566E-4567-951B-81E594E7EE88}.Release|Any CPU.Build.0 = Release|Any CPU
	EndGlobalSection
	GlobalSection(SolutionProperties) = preSolution
		HideSolutionNode = FALSE
	EndGlobalSection
	GlobalSection(ExtensibilityGlobals) = postSolution
		SolutionGuid = {30456D61-C97E-486C-AE0E-13C1A910FF64}
	EndGlobalSection
EndGlobal
